Microsoft Visual Studio Solution File, Format Version 12.00
# Visual Studio Version 17
VisualStudioVersion = 17.5.2.0
MinimumVisualStudioVersion = 10.0.40219.1
Project("{FAE04EC0-301F-11D3-BF4B-00C04F79EFBC}") = "HelloWorld", "HelloWorld\HelloWorld.csproj", "{3A798C92-DA22-B784-11D5-249F2DEA19E6}"
EndProject
Project("{FAE04EC0-301F-11D3-BF4B-00C04F79EFBC}") = "Variable", "Variable\Variable.csproj", "{B925A10A-E66A-48AF-8C2A-9543C6D34701}"
EndProject
Project("{FAE04EC0-301F-11D3-BF4B-00C04F79EFBC}") = "EntradaSaida", "EntradaSaida\EntradaSaida.csproj", "{246796A9-71EF-4187-87D1-F9DD1DDC012C}"
EndProject
Project("{FAE04EC0-301F-11D3-BF4B-00C04F79EFBC}") = "ConversaoImplicita", "ConversaoImplicita\ConversaoImplicita.csproj", "{AEC9C0BD-9CB7-44F7-975C-4A6250746D5D}"
EndProject
Project("{FAE04EC0-301F-11D3-BF4B-00C04F79EFBC}") = "Array", "Array\Array.csproj", "{7E2A7F70-105A-4C99-80E7-E36C28859B33}"
EndProject
Project("{FAE04EC0-301F-11D3-BF4B-00C04F79EFBC}") = "ExMultiplicacaoMatriz", "ExMultiplicacaoMatriz\ExMultiplicacaoMatriz.csproj", "{DD1D39D0-D9E1-4599-BEEB-E1DF2222FF7A}"
EndProject
Project("{FAE04EC0-301F-11D3-BF4B-00C04F79EFBC}") = "Condicoes", "Condicoes\Condicoes.csproj", "{E4D22BFE-A0C6-4D8C-B400-BAA54A419345}"
EndProject
Project("{FAE04EC0-301F-11D3-BF4B-00C04F79EFBC}") = "CalcularIMC", "CalcularIMC\CalcularIMC.csproj", "{0671FAE3-9F7B-4CDB-857D-83C2E6F21AE8}"
EndProject
Project("{FAE04EC0-301F-11D3-BF4B-00C04F79EFBC}") = "Controle", "Controle\Controle.csproj", "{A7779031-1CD3-4C7E-A74B-E63A953ABF27}"
EndProject
Project("{FAE04EC0-301F-11D3-BF4B-00C04F79EFBC}") = "Calculadora", "Calculadora\Calculadora.csproj", "{BCEB6C89-5CC6-44C9-9135-CE484393C7E8}"
EndProject
Project("{FAE04EC0-301F-11D3-BF4B-00C04F79EFBC}") = "Repeticao", "Repeticao\Repeticao.csproj", "{53CB0530-CEDB-462D-AE35-741491E75D38}"
EndProject
Project("{FAE04EC0-301F-11D3-BF4B-00C04F79EFBC}") = "fibonnaci", "fibonnaci\fibonnaci.csproj", "{C76AE6D2-162A-4E6B-8B4D-9A518ABA2F6F}"
EndProject
Project("{FAE04EC0-301F-11D3-BF4B-00C04F79EFBC}") = "ClassesObjetos", "ClassesObjetos\ClassesObjetos.csproj", "{0E2806FC-FB24-4AFB-B6C8-EDFFA255C454}"
EndProject
Project("{FAE04EC0-301F-11D3-BF4B-00C04F79EFBC}") = "TypeOfMethodByClass", "TypeOfMethodByClass\TypeOfMethodByClass.csproj", "{38CF6748-E5EB-4ED8-82E5-0647A9A270DB}"
EndProject
Project("{FAE04EC0-301F-11D3-BF4B-00C04F79EFBC}") = "TermoThis", "TermoThis\TermoThis.csproj", "{D851B06F-C3F5-4AB2-A844-D0D0B1D963CA}"
EndProject
Project("{FAE04EC0-301F-11D3-BF4B-00C04F79EFBC}") = "MetodoConstrutor", "MetodoConstrutor\MetodoConstrutor.csproj", "{3B8D3B16-7730-4913-9418-FF1377429A20}"
EndProject
Project("{FAE04EC0-301F-11D3-BF4B-00C04F79EFBC}") = "Estaticas", "Estaticas\Estaticas.csproj", "{07F2C6B3-F978-4FEA-B100-6AAC7A8DBF00}"
EndProject
Project("{FAE04EC0-301F-11D3-BF4B-00C04F79EFBC}") = "Propriedades", "Propriedades\Propriedades.csproj", "{5EF51A4C-603B-4FE3-AF19-10AFC1023B88}"
EndProject
Project("{FAE04EC0-301F-11D3-BF4B-00C04F79EFBC}") = "Encapsulamento", "Encapsulamento\Encapsulamento.csproj", "{E1859750-10A8-45CE-8F1B-DDC75D111EB9}"
EndProject
Project("{FAE04EC0-301F-11D3-BF4B-00C04F79EFBC}") = "Heranca", "Heranca\Heranca.csproj", "{5865C2CB-D56A-4EA1-B7D2-1BFE864A2DEA}"
EndProject
Project("{FAE04EC0-301F-11D3-BF4B-00C04F79EFBC}") = "Modificadores", "Modificadores\Modificadores.csproj", "{F0FD20EA-6DE9-4DD4-BBAE-CD93ACBB1BBB}"
EndProject
Project("{FAE04EC0-301F-11D3-BF4B-00C04F79EFBC}") = "Polimorfismo", "Polimorfismo\Polimorfismo.csproj", "{14C2E3B5-F1F8-43BF-A71E-AF07A4957EA7}"
EndProject
Project("{FAE04EC0-301F-11D3-BF4B-00C04F79EFBC}") = "MediaGeral", "MediaGeral\MediaGeral.csproj", "{B07D0011-AF57-4FC6-9070-5ED2CE07B10F}"
EndProject
Project("{FAE04EC0-301F-11D3-BF4B-00C04F79EFBC}") = "Recursividade", "Recursividade\Recursividade.csproj", "{DD71AEAA-9C6F-4D42-9329-96E3EBDD2661}"
EndProject
Project("{FAE04EC0-301F-11D3-BF4B-00C04F79EFBC}") = "MetodoMain", "MetodoMain\MetodoMain.csproj", "{099DD925-71ED-43BF-A9C8-5D912F33E375}"
EndProject
Project("{FAE04EC0-301F-11D3-BF4B-00C04F79EFBC}") = "FatorialRecursivo", "FatorialRecursivo\FatorialRecursivo.csproj", "{D1B73B39-2E5B-450F-A318-BB83C7EAFC16}"
EndProject
Global
	GlobalSection(SolutionConfigurationPlatforms) = preSolution
		Debug|Any CPU = Debug|Any CPU
		Release|Any CPU = Release|Any CPU
	EndGlobalSection
	GlobalSection(ProjectConfigurationPlatforms) = postSolution
		{3A798C92-DA22-B784-11D5-249F2DEA19E6}.Debug|Any CPU.ActiveCfg = Debug|Any CPU
		{3A798C92-DA22-B784-11D5-249F2DEA19E6}.Debug|Any CPU.Build.0 = Debug|Any CPU
		{3A798C92-DA22-B784-11D5-249F2DEA19E6}.Release|Any CPU.ActiveCfg = Release|Any CPU
		{3A798C92-DA22-B784-11D5-249F2DEA19E6}.Release|Any CPU.Build.0 = Release|Any CPU
		{B925A10A-E66A-48AF-8C2A-9543C6D34701}.Debug|Any CPU.ActiveCfg = Debug|Any CPU
		{B925A10A-E66A-48AF-8C2A-9543C6D34701}.Debug|Any CPU.Build.0 = Debug|Any CPU
		{B925A10A-E66A-48AF-8C2A-9543C6D34701}.Release|Any CPU.ActiveCfg = Release|Any CPU
		{B925A10A-E66A-48AF-8C2A-9543C6D34701}.Release|Any CPU.Build.0 = Release|Any CPU
		{246796A9-71EF-4187-87D1-F9DD1DDC012C}.Debug|Any CPU.ActiveCfg = Debug|Any CPU
		{246796A9-71EF-4187-87D1-F9DD1DDC012C}.Debug|Any CPU.Build.0 = Debug|Any CPU
		{246796A9-71EF-4187-87D1-F9DD1DDC012C}.Release|Any CPU.ActiveCfg = Release|Any CPU
		{246796A9-71EF-4187-87D1-F9DD1DDC012C}.Release|Any CPU.Build.0 = Release|Any CPU
		{AEC9C0BD-9CB7-44F7-975C-4A6250746D5D}.Debug|Any CPU.ActiveCfg = Debug|Any CPU
		{AEC9C0BD-9CB7-44F7-975C-4A6250746D5D}.Debug|Any CPU.Build.0 = Debug|Any CPU
		{AEC9C0BD-9CB7-44F7-975C-4A6250746D5D}.Release|Any CPU.ActiveCfg = Release|Any CPU
		{AEC9C0BD-9CB7-44F7-975C-4A6250746D5D}.Release|Any CPU.Build.0 = Release|Any CPU
		{7E2A7F70-105A-4C99-80E7-E36C28859B33}.Debug|Any CPU.ActiveCfg = Debug|Any CPU
		{7E2A7F70-105A-4C99-80E7-E36C28859B33}.Debug|Any CPU.Build.0 = Debug|Any CPU
		{7E2A7F70-105A-4C99-80E7-E36C28859B33}.Release|Any CPU.ActiveCfg = Release|Any CPU
		{7E2A7F70-105A-4C99-80E7-E36C28859B33}.Release|Any CPU.Build.0 = Release|Any CPU
		{DD1D39D0-D9E1-4599-BEEB-E1DF2222FF7A}.Debug|Any CPU.ActiveCfg = Debug|Any CPU
		{DD1D39D0-D9E1-4599-BEEB-E1DF2222FF7A}.Debug|Any CPU.Build.0 = Debug|Any CPU
		{DD1D39D0-D9E1-4599-BEEB-E1DF2222FF7A}.Release|Any CPU.ActiveCfg = Release|Any CPU
		{DD1D39D0-D9E1-4599-BEEB-E1DF2222FF7A}.Release|Any CPU.Build.0 = Release|Any CPU
		{E4D22BFE-A0C6-4D8C-B400-BAA54A419345}.Debug|Any CPU.ActiveCfg = Debug|Any CPU
		{E4D22BFE-A0C6-4D8C-B400-BAA54A419345}.Debug|Any CPU.Build.0 = Debug|Any CPU
		{E4D22BFE-A0C6-4D8C-B400-BAA54A419345}.Release|Any CPU.ActiveCfg = Release|Any CPU
		{E4D22BFE-A0C6-4D8C-B400-BAA54A419345}.Release|Any CPU.Build.0 = Release|Any CPU
		{0671FAE3-9F7B-4CDB-857D-83C2E6F21AE8}.Debug|Any CPU.ActiveCfg = Debug|Any CPU
		{0671FAE3-9F7B-4CDB-857D-83C2E6F21AE8}.Debug|Any CPU.Build.0 = Debug|Any CPU
		{0671FAE3-9F7B-4CDB-857D-83C2E6F21AE8}.Release|Any CPU.ActiveCfg = Release|Any CPU
		{0671FAE3-9F7B-4CDB-857D-83C2E6F21AE8}.Release|Any CPU.Build.0 = Release|Any CPU
		{A7779031-1CD3-4C7E-A74B-E63A953ABF27}.Debug|Any CPU.ActiveCfg = Debug|Any CPU
		{A7779031-1CD3-4C7E-A74B-E63A953ABF27}.Debug|Any CPU.Build.0 = Debug|Any CPU
		{A7779031-1CD3-4C7E-A74B-E63A953ABF27}.Release|Any CPU.ActiveCfg = Release|Any CPU
		{A7779031-1CD3-4C7E-A74B-E63A953ABF27}.Release|Any CPU.Build.0 = Release|Any CPU
		{BCEB6C89-5CC6-44C9-9135-CE484393C7E8}.Debug|Any CPU.ActiveCfg = Debug|Any CPU
		{BCEB6C89-5CC6-44C9-9135-CE484393C7E8}.Debug|Any CPU.Build.0 = Debug|Any CPU
		{BCEB6C89-5CC6-44C9-9135-CE484393C7E8}.Release|Any CPU.ActiveCfg = Release|Any CPU
		{BCEB6C89-5CC6-44C9-9135-CE484393C7E8}.Release|Any CPU.Build.0 = Release|Any CPU
		{53CB0530-CEDB-462D-AE35-741491E75D38}.Debug|Any CPU.ActiveCfg = Debug|Any CPU
		{53CB0530-CEDB-462D-AE35-741491E75D38}.Debug|Any CPU.Build.0 = Debug|Any CPU
		{53CB0530-CEDB-462D-AE35-741491E75D38}.Release|Any CPU.ActiveCfg = Release|Any CPU
		{53CB0530-CEDB-462D-AE35-741491E75D38}.Release|Any CPU.Build.0 = Release|Any CPU
		{C76AE6D2-162A-4E6B-8B4D-9A518ABA2F6F}.Debug|Any CPU.ActiveCfg = Debug|Any CPU
		{C76AE6D2-162A-4E6B-8B4D-9A518ABA2F6F}.Debug|Any CPU.Build.0 = Debug|Any CPU
		{C76AE6D2-162A-4E6B-8B4D-9A518ABA2F6F}.Release|Any CPU.ActiveCfg = Release|Any CPU
		{C76AE6D2-162A-4E6B-8B4D-9A518ABA2F6F}.Release|Any CPU.Build.0 = Release|Any CPU
		{0E2806FC-FB24-4AFB-B6C8-EDFFA255C454}.Debug|Any CPU.ActiveCfg = Debug|Any CPU
		{0E2806FC-FB24-4AFB-B6C8-EDFFA255C454}.Debug|Any CPU.Build.0 = Debug|Any CPU
		{0E2806FC-FB24-4AFB-B6C8-EDFFA255C454}.Release|Any CPU.ActiveCfg = Release|Any CPU
		{0E2806FC-FB24-4AFB-B6C8-EDFFA255C454}.Release|Any CPU.Build.0 = Release|Any CPU
		{38CF6748-E5EB-4ED8-82E5-0647A9A270DB}.Debug|Any CPU.ActiveCfg = Debug|Any CPU
		{38CF6748-E5EB-4ED8-82E5-0647A9A270DB}.Debug|Any CPU.Build.0 = Debug|Any CPU
		{38CF6748-E5EB-4ED8-82E5-0647A9A270DB}.Release|Any CPU.ActiveCfg = Release|Any CPU
		{38CF6748-E5EB-4ED8-82E5-0647A9A270DB}.Release|Any CPU.Build.0 = Release|Any CPU
		{D851B06F-C3F5-4AB2-A844-D0D0B1D963CA}.Debug|Any CPU.ActiveCfg = Debug|Any CPU
		{D851B06F-C3F5-4AB2-A844-D0D0B1D963CA}.Debug|Any CPU.Build.0 = Debug|Any CPU
		{D851B06F-C3F5-4AB2-A844-D0D0B1D963CA}.Release|Any CPU.ActiveCfg = Release|Any CPU
		{D851B06F-C3F5-4AB2-A844-D0D0B1D963CA}.Release|Any CPU.Build.0 = Release|Any CPU
		{3B8D3B16-7730-4913-9418-FF1377429A20}.Debug|Any CPU.ActiveCfg = Debug|Any CPU
		{3B8D3B16-7730-4913-9418-FF1377429A20}.Debug|Any CPU.Build.0 = Debug|Any CPU
		{3B8D3B16-7730-4913-9418-FF1377429A20}.Release|Any CPU.ActiveCfg = Release|Any CPU
		{3B8D3B16-7730-4913-9418-FF1377429A20}.Release|Any CPU.Build.0 = Release|Any CPU
		{07F2C6B3-F978-4FEA-B100-6AAC7A8DBF00}.Debug|Any CPU.ActiveCfg = Debug|Any CPU
		{07F2C6B3-F978-4FEA-B100-6AAC7A8DBF00}.Debug|Any CPU.Build.0 = Debug|Any CPU
		{07F2C6B3-F978-4FEA-B100-6AAC7A8DBF00}.Release|Any CPU.ActiveCfg = Release|Any CPU
		{07F2C6B3-F978-4FEA-B100-6AAC7A8DBF00}.Release|Any CPU.Build.0 = Release|Any CPU
		{5EF51A4C-603B-4FE3-AF19-10AFC1023B88}.Debug|Any CPU.ActiveCfg = Debug|Any CPU
		{5EF51A4C-603B-4FE3-AF19-10AFC1023B88}.Debug|Any CPU.Build.0 = Debug|Any CPU
		{5EF51A4C-603B-4FE3-AF19-10AFC1023B88}.Release|Any CPU.ActiveCfg = Release|Any CPU
		{5EF51A4C-603B-4FE3-AF19-10AFC1023B88}.Release|Any CPU.Build.0 = Release|Any CPU
		{E1859750-10A8-45CE-8F1B-DDC75D111EB9}.Debug|Any CPU.ActiveCfg = Debug|Any CPU
		{E1859750-10A8-45CE-8F1B-DDC75D111EB9}.Debug|Any CPU.Build.0 = Debug|Any CPU
		{E1859750-10A8-45CE-8F1B-DDC75D111EB9}.Release|Any CPU.ActiveCfg = Release|Any CPU
		{E1859750-10A8-45CE-8F1B-DDC75D111EB9}.Release|Any CPU.Build.0 = Release|Any CPU
		{5865C2CB-D56A-4EA1-B7D2-1BFE864A2DEA}.Debug|Any CPU.ActiveCfg = Debug|Any CPU
		{5865C2CB-D56A-4EA1-B7D2-1BFE864A2DEA}.Debug|Any CPU.Build.0 = Debug|Any CPU
		{5865C2CB-D56A-4EA1-B7D2-1BFE864A2DEA}.Release|Any CPU.ActiveCfg = Release|Any CPU
		{5865C2CB-D56A-4EA1-B7D2-1BFE864A2DEA}.Release|Any CPU.Build.0 = Release|Any CPU
		{F0FD20EA-6DE9-4DD4-BBAE-CD93ACBB1BBB}.Debug|Any CPU.ActiveCfg = Debug|Any CPU
		{F0FD20EA-6DE9-4DD4-BBAE-CD93ACBB1BBB}.Debug|Any CPU.Build.0 = Debug|Any CPU
		{F0FD20EA-6DE9-4DD4-BBAE-CD93ACBB1BBB}.Release|Any CPU.ActiveCfg = Release|Any CPU
		{F0FD20EA-6DE9-4DD4-BBAE-CD93ACBB1BBB}.Release|Any CPU.Build.0 = Release|Any CPU
		{14C2E3B5-F1F8-43BF-A71E-AF07A4957EA7}.Debug|Any CPU.ActiveCfg = Debug|Any CPU
		{14C2E3B5-F1F8-43BF-A71E-AF07A4957EA7}.Debug|Any CPU.Build.0 = Debug|Any CPU
		{14C2E3B5-F1F8-43BF-A71E-AF07A4957EA7}.Release|Any CPU.ActiveCfg = Release|Any CPU
		{14C2E3B5-F1F8-43BF-A71E-AF07A4957EA7}.Release|Any CPU.Build.0 = Release|Any CPU
		{B07D0011-AF57-4FC6-9070-5ED2CE07B10F}.Debug|Any CPU.ActiveCfg = Debug|Any CPU
		{B07D0011-AF57-4FC6-9070-5ED2CE07B10F}.Debug|Any CPU.Build.0 = Debug|Any CPU
		{B07D0011-AF57-4FC6-9070-5ED2CE07B10F}.Release|Any CPU.ActiveCfg = Release|Any CPU
		{B07D0011-AF57-4FC6-9070-5ED2CE07B10F}.Release|Any CPU.Build.0 = Release|Any CPU
		{DD71AEAA-9C6F-4D42-9329-96E3EBDD2661}.Debug|Any CPU.ActiveCfg = Debug|Any CPU
		{DD71AEAA-9C6F-4D42-9329-96E3EBDD2661}.Debug|Any CPU.Build.0 = Debug|Any CPU
		{DD71AEAA-9C6F-4D42-9329-96E3EBDD2661}.Release|Any CPU.ActiveCfg = Release|Any CPU
		{DD71AEAA-9C6F-4D42-9329-96E3EBDD2661}.Release|Any CPU.Build.0 = Release|Any CPU
		{099DD925-71ED-43BF-A9C8-5D912F33E375}.Debug|Any CPU.ActiveCfg = Debug|Any CPU
		{099DD925-71ED-43BF-A9C8-5D912F33E375}.Debug|Any CPU.Build.0 = Debug|Any CPU
		{099DD925-71ED-43BF-A9C8-5D912F33E375}.Release|Any CPU.ActiveCfg = Release|Any CPU
		{099DD925-71ED-43BF-A9C8-5D912F33E375}.Release|Any CPU.Build.0 = Release|Any CPU
		{D1B73B39-2E5B-450F-A318-BB83C7EAFC16}.Debug|Any CPU.ActiveCfg = Debug|Any CPU
		{D1B73B39-2E5B-450F-A318-BB83C7EAFC16}.Debug|Any CPU.Build.0 = Debug|Any CPU
		{D1B73B39-2E5B-450F-A318-BB83C7EAFC16}.Release|Any CPU.ActiveCfg = Release|Any CPU
		{D1B73B39-2E5B-450F-A318-BB83C7EAFC16}.Release|Any CPU.Build.0 = Release|Any CPU
	EndGlobalSection
	GlobalSection(SolutionProperties) = preSolution
		HideSolutionNode = FALSE
	EndGlobalSection
	GlobalSection(ExtensibilityGlobals) = postSolution
		SolutionGuid = {B8CF2A91-3490-41A6-A814-F3FB0A38A35C}
	EndGlobalSection
EndGlobal
